{
  "name": "ParticleSystem",
  "lockfileVersion": 2,
  "requires": true,
  "packages": {
    "": {
      "dependencies": {
        "modular-particle-system-webgl-renderer": "^1.1.0"
      }
    },
    "node_modules/modular-particle-system": {
      "version": "1.3.0",
      "resolved": "https://registry.npmjs.org/modular-particle-system/-/modular-particle-system-1.3.0.tgz",
      "integrity": "sha512-hdDn17iApKzlI3GHFUVdR5oymYYUZfzQN1sQ/fTqWt7IO2q11dnipNA2v3oU0L23ZeSIr4mHn8c2KtgN3YqONA=="
    },
    "node_modules/modular-particle-system-webgl-renderer": {
      "version": "1.1.0",
      "resolved": "https://registry.npmjs.org/modular-particle-system-webgl-renderer/-/modular-particle-system-webgl-renderer-1.1.0.tgz",
      "integrity": "sha512-kN64jyIActKeE56/dut4Kz+TIA3qxk4zFtk7w0NwHzuh04fokOeAxhXJa0ChHAEcaTrNiGFP9ad5Npap6t8mDQ==",
      "dependencies": {
        "modular-particle-system": "^1.3.0"
      }
    }
  },
  "dependencies": {
    "modular-particle-system": {
      "version": "1.3.0",
      "resolved": "https://registry.npmjs.org/modular-particle-system/-/modular-particle-system-1.3.0.tgz",
      "integrity": "sha512-hdDn17iApKzlI3GHFUVdR5oymYYUZfzQN1sQ/fTqWt7IO2q11dnipNA2v3oU0L23ZeSIr4mHn8c2KtgN3YqONA=="
    },
    "modular-particle-system-webgl-renderer": {
      "version": "1.1.0",
      "resolved": "https://registry.npmjs.org/modular-particle-system-webgl-renderer/-/modular-particle-system-webgl-renderer-1.1.0.tgz",
      "integrity": "sha512-kN64jyIActKeE56/dut4Kz+TIA3qxk4zFtk7w0NwHzuh04fokOeAxhXJa0ChHAEcaTrNiGFP9ad5Npap6t8mDQ==",
      "requires": {
        "modular-particle-system": "^1.3.0"
      }
    }
  }
}
